// !$*UTF8*$!
{
	archiveVersion = 1;
	classes = {
	};
	objectVersion = 46;
	objects = {

/* Begin PBXBuildFile section */
		0D7F5718196B8BFA0094341B /* FMDatabase.m in Sources */ = {isa = PBXBuildFile; fileRef = 0D7F570F196B8BFA0094341B /* FMDatabase.m */; };
		0D7F5719196B8BFA0094341B /* FMDatabaseAdditions.m in Sources */ = {isa = PBXBuildFile; fileRef = 0D7F5711196B8BFA0094341B /* FMDatabaseAdditions.m */; };
		0D7F571A196B8BFA0094341B /* FMDatabasePool.m in Sources */ = {isa = PBXBuildFile; fileRef = 0D7F5713196B8BFA0094341B /* FMDatabasePool.m */; };
		0D7F571B196B8BFA0094341B /* FMDatabaseQueue.m in Sources */ = {isa = PBXBuildFile; fileRef = 0D7F5715196B8BFA0094341B /* FMDatabaseQueue.m */; };
		0D7F571C196B8BFA0094341B /* FMResultSet.m in Sources */ = {isa = PBXBuildFile; fileRef = 0D7F5717196B8BFA0094341B /* FMResultSet.m */; };
		0D7F571E196B8D8C0094341B /* libsqlite3.0.dylib in Frameworks */ = {isa = PBXBuildFile; fileRef = 0D7F571D196B8D8C0094341B /* libsqlite3.0.dylib */; };
		9A6ACCD0195C3BF2001A4485 /* Foundation.framework in Frameworks */ = {isa = PBXBuildFile; fileRef = 9A6ACCCF195C3BF2001A4485 /* Foundation.framework */; };
		9A6ACCD2195C3BF2001A4485 /* CoreGraphics.framework in Frameworks */ = {isa = PBXBuildFile; fileRef = 9A6ACCD1195C3BF2001A4485 /* CoreGraphics.framework */; };
		9A6ACCD4195C3BF2001A4485 /* UIKit.framework in Frameworks */ = {isa = PBXBuildFile; fileRef = 9A6ACCD3195C3BF2001A4485 /* UIKit.framework */; };
		9A6ACCDA195C3BF3001A4485 /* InfoPlist.strings in Resources */ = {isa = PBXBuildFile; fileRef = 9A6ACCD8195C3BF3001A4485 /* InfoPlist.strings */; };
		9A6ACCDC195C3BF3001A4485 /* main.m in Sources */ = {isa = PBXBuildFile; fileRef = 9A6ACCDB195C3BF3001A4485 /* main.m */; };
		9A6ACCE0195C3BF3001A4485 /* iOSAppDelegate.m in Sources */ = {isa = PBXBuildFile; fileRef = 9A6ACCDF195C3BF3001A4485 /* iOSAppDelegate.m */; };
		9A6ACCE3195C3BF3001A4485 /* Main.storyboard in Resources */ = {isa = PBXBuildFile; fileRef = 9A6ACCE1195C3BF3001A4485 /* Main.storyboard */; };
		9A6ACCE8195C3BF3001A4485 /* Images.xcassets in Resources */ = {isa = PBXBuildFile; fileRef = 9A6ACCE7195C3BF3001A4485 /* Images.xcassets */; };
		9A6ACCEF195C3BF3001A4485 /* XCTest.framework in Frameworks */ = {isa = PBXBuildFile; fileRef = 9A6ACCEE195C3BF3001A4485 /* XCTest.framework */; };
		9A6ACCF0195C3BF3001A4485 /* Foundation.framework in Frameworks */ = {isa = PBXBuildFile; fileRef = 9A6ACCCF195C3BF2001A4485 /* Foundation.framework */; };
		9A6ACCF1195C3BF3001A4485 /* UIKit.framework in Frameworks */ = {isa = PBXBuildFile; fileRef = 9A6ACCD3195C3BF2001A4485 /* UIKit.framework */; };
		9A6ACCF9195C3BF3001A4485 /* InfoPlist.strings in Resources */ = {isa = PBXBuildFile; fileRef = 9A6ACCF7195C3BF3001A4485 /* InfoPlist.strings */; };
		9A6ACCFB195C3BF3001A4485 /* TimeTableTests.m in Sources */ = {isa = PBXBuildFile; fileRef = 9A6ACCFA195C3BF3001A4485 /* TimeTableTests.m */; };
		9A6ACD06195C3C4A001A4485 /* TimeViewController.m in Sources */ = {isa = PBXBuildFile; fileRef = 9A6ACD05195C3C4A001A4485 /* TimeViewController.m */; };
		9A6ACD09195C3D06001A4485 /* MonViewController.m in Sources */ = {isa = PBXBuildFile; fileRef = 9A6ACD08195C3D06001A4485 /* MonViewController.m */; };
		9A6ACD0C195C3D2D001A4485 /* TueViewController.m in Sources */ = {isa = PBXBuildFile; fileRef = 9A6ACD0B195C3D2D001A4485 /* TueViewController.m */; };
		9A6ACD0F195C3D3C001A4485 /* WedViewController.m in Sources */ = {isa = PBXBuildFile; fileRef = 9A6ACD0E195C3D3C001A4485 /* WedViewController.m */; };
		9A6ACD12195C3D87001A4485 /* ThuViewController.m in Sources */ = {isa = PBXBuildFile; fileRef = 9A6ACD11195C3D87001A4485 /* ThuViewController.m */; };
		9A6ACD15195C3D94001A4485 /* FriViewController.m in Sources */ = {isa = PBXBuildFile; fileRef = 9A6ACD14195C3D94001A4485 /* FriViewController.m */; };
/* End PBXBuildFile section */

/* Begin PBXContainerItemProxy section */
		9A6ACCF2195C3BF3001A4485 /* PBXContainerItemProxy */ = {
			isa = PBXContainerItemProxy;
			containerPortal = 9A6ACCC4195C3BF2001A4485 /* Project object */;
			proxyType = 1;
			remoteGlobalIDString = 9A6ACCCB195C3BF2001A4485;
			remoteInfo = TimeTable;
		};
/* End PBXContainerItemProxy section */

/* Begin PBXFileReference section */
		0D7F570E196B8BFA0094341B /* FMDatabase.h */ = {isa = PBXFileReference; fileEncoding = 4; lastKnownFileType = sourcecode.c.h; name = FMDatabase.h; path = "../../../../Downloads/fmdb-master/src/fmdb/FMDatabase.h"; sourceTree = "<group>"; };
		0D7F570F196B8BFA0094341B /* FMDatabase.m */ = {isa = PBXFileReference; fileEncoding = 4; lastKnownFileType = sourcecode.c.objc; name = FMDatabase.m; path = "../../../../Downloads/fmdb-master/src/fmdb/FMDatabase.m"; sourceTree = "<group>"; };
		0D7F5710196B8BFA0094341B /* FMDatabaseAdditions.h */ = {isa = PBXFileReference; fileEncoding = 4; lastKnownFileType = sourcecode.c.h; name = FMDatabaseAdditions.h; path = "../../../../Downloads/fmdb-master/src/fmdb/FMDatabaseAdditions.h"; sourceTree = "<group>"; };
		0D7F5711196B8BFA0094341B /* FMDatabaseAdditions.m */ = {isa = PBXFileReference; fileEncoding = 4; lastKnownFileType = sourcecode.c.objc; name = FMDatabaseAdditions.m; path = "../../../../Downloads/fmdb-master/src/fmdb/FMDatabaseAdditions.m"; sourceTree = "<group>"; };
		0D7F5712196B8BFA0094341B /* FMDatabasePool.h */ = {isa = PBXFileReference; fileEncoding = 4; lastKnownFileType = sourcecode.c.h; name = FMDatabasePool.h; path = "../../../../Downloads/fmdb-master/src/fmdb/FMDatabasePool.h"; sourceTree = "<group>"; };
		0D7F5713196B8BFA0094341B /* FMDatabasePool.m */ = {isa = PBXFileReference; fileEncoding = 4; lastKnownFileType = sourcecode.c.objc; name = FMDatabasePool.m; path = "../../../../Downloads/fmdb-master/src/fmdb/FMDatabasePool.m"; sourceTree = "<group>"; };
		0D7F5714196B8BFA0094341B /* FMDatabaseQueue.h */ = {isa = PBXFileReference; fileEncoding = 4; lastKnownFileType = sourcecode.c.h; name = FMDatabaseQueue.h; path = "../../../../Downloads/fmdb-master/src/fmdb/FMDatabaseQueue.h"; sourceTree = "<group>"; };
		0D7F5715196B8BFA0094341B /* FMDatabaseQueue.m */ = {isa = PBXFileReference; fileEncoding = 4; lastKnownFileType = sourcecode.c.objc; name = FMDatabaseQueue.m; path = "../../../../Downloads/fmdb-master/src/fmdb/FMDatabaseQueue.m"; sourceTree = "<group>"; };
		0D7F5716196B8BFA0094341B /* FMResultSet.h */ = {isa = PBXFileReference; fileEncoding = 4; lastKnownFileType = sourcecode.c.h; name = FMResultSet.h; path = "../../../../Downloads/fmdb-master/src/fmdb/FMResultSet.h"; sourceTree = "<group>"; };
		0D7F5717196B8BFA0094341B /* FMResultSet.m */ = {isa = PBXFileReference; fileEncoding = 4; lastKnownFileType = sourcecode.c.objc; name = FMResultSet.m; path = "../../../../Downloads/fmdb-master/src/fmdb/FMResultSet.m"; sourceTree = "<group>"; };
		0D7F571D196B8D8C0094341B /* libsqlite3.0.dylib */ = {isa = PBXFileReference; lastKnownFileType = "compiled.mach-o.dylib"; name = libsqlite3.0.dylib; path = usr/lib/libsqlite3.0.dylib; sourceTree = SDKROOT; };
		9A6ACCCC195C3BF2001A4485 /* TimeTable.app */ = {isa = PBXFileReference; explicitFileType = wrapper.application; includeInIndex = 0; path = TimeTable.app; sourceTree = BUILT_PRODUCTS_DIR; };
		9A6ACCCF195C3BF2001A4485 /* Foundation.framework */ = {isa = PBXFileReference; lastKnownFileType = wrapper.framework; name = Foundation.framework; path = System/Library/Frameworks/Foundation.framework; sourceTree = SDKROOT; };
		9A6ACCD1195C3BF2001A4485 /* CoreGraphics.framework */ = {isa = PBXFileReference; lastKnownFileType = wrapper.framework; name = CoreGraphics.framework; path = System/Library/Frameworks/CoreGraphics.framework; sourceTree = SDKROOT; };
		9A6ACCD3195C3BF2001A4485 /* UIKit.framework */ = {isa = PBXFileReference; lastKnownFileType = wrapper.framework; name = UIKit.framework; path = System/Library/Frameworks/UIKit.framework; sourceTree = SDKROOT; };
		9A6ACCD7195C3BF3001A4485 /* TimeTable-Info.plist */ = {isa = PBXFileReference; lastKnownFileType = text.plist.xml; path = "TimeTable-Info.plist"; sourceTree = "<group>"; };
		9A6ACCD9195C3BF3001A4485 /* en */ = {isa = PBXFileReference; lastKnownFileType = text.plist.strings; name = en; path = en.lproj/InfoPlist.strings; sourceTree = "<group>"; };
		9A6ACCDB195C3BF3001A4485 /* main.m */ = {isa = PBXFileReference; lastKnownFileType = sourcecode.c.objc; path = main.m; sourceTree = "<group>"; };
		9A6ACCDD195C3BF3001A4485 /* TimeTable-Prefix.pch */ = {isa = PBXFileReference; lastKnownFileType = sourcecode.c.h; path = "TimeTable-Prefix.pch"; sourceTree = "<group>"; };
		9A6ACCDE195C3BF3001A4485 /* iOSAppDelegate.h */ = {isa = PBXFileReference; lastKnownFileType = sourcecode.c.h; path = iOSAppDelegate.h; sourceTree = "<group>"; };
		9A6ACCDF195C3BF3001A4485 /* iOSAppDelegate.m */ = {isa = PBXFileReference; lastKnownFileType = sourcecode.c.objc; path = iOSAppDelegate.m; sourceTree = "<group>"; };
		9A6ACCE2195C3BF3001A4485 /* Base */ = {isa = PBXFileReference; lastKnownFileType = file.storyboard; name = Base; path = Base.lproj/Main.storyboard; sourceTree = "<group>"; };
		9A6ACCE7195C3BF3001A4485 /* Images.xcassets */ = {isa = PBXFileReference; lastKnownFileType = folder.assetcatalog; path = Images.xcassets; sourceTree = "<group>"; };
		9A6ACCED195C3BF3001A4485 /* TimeTableTests.xctest */ = {isa = PBXFileReference; explicitFileType = wrapper.cfbundle; includeInIndex = 0; path = TimeTableTests.xctest; sourceTree = BUILT_PRODUCTS_DIR; };
		9A6ACCEE195C3BF3001A4485 /* XCTest.framework */ = {isa = PBXFileReference; lastKnownFileType = wrapper.framework; name = XCTest.framework; path = Library/Frameworks/XCTest.framework; sourceTree = DEVELOPER_DIR; };
		9A6ACCF6195C3BF3001A4485 /* TimeTableTests-Info.plist */ = {isa = PBXFileReference; lastKnownFileType = text.plist.xml; path = "TimeTableTests-Info.plist"; sourceTree = "<group>"; };
		9A6ACCF8195C3BF3001A4485 /* en */ = {isa = PBXFileReference; lastKnownFileType = text.plist.strings; name = en; path = en.lproj/InfoPlist.strings; sourceTree = "<group>"; };
		9A6ACCFA195C3BF3001A4485 /* TimeTableTests.m */ = {isa = PBXFileReference; lastKnownFileType = sourcecode.c.objc; path = TimeTableTests.m; sourceTree = "<group>"; };
		9A6ACD04195C3C4A001A4485 /* TimeViewController.h */ = {isa = PBXFileReference; fileEncoding = 4; lastKnownFileType = sourcecode.c.h; path = TimeViewController.h; sourceTree = "<group>"; };
		9A6ACD05195C3C4A001A4485 /* TimeViewController.m */ = {isa = PBXFileReference; fileEncoding = 4; lastKnownFileType = sourcecode.c.objc; path = TimeViewController.m; sourceTree = "<group>"; };
		9A6ACD07195C3D06001A4485 /* MonViewController.h */ = {isa = PBXFileReference; fileEncoding = 4; lastKnownFileType = sourcecode.c.h; path = MonViewController.h; sourceTree = "<group>"; };
		9A6ACD08195C3D06001A4485 /* MonViewController.m */ = {isa = PBXFileReference; fileEncoding = 4; lastKnownFileType = sourcecode.c.objc; path = MonViewController.m; sourceTree = "<group>"; };
		9A6ACD0A195C3D2D001A4485 /* TueViewController.h */ = {isa = PBXFileReference; fileEncoding = 4; lastKnownFileType = sourcecode.c.h; path = TueViewController.h; sourceTree = "<group>"; };
		9A6ACD0B195C3D2D001A4485 /* TueViewController.m */ = {isa = PBXFileReference; fileEncoding = 4; lastKnownFileType = sourcecode.c.objc; path = TueViewController.m; sourceTree = "<group>"; };
		9A6ACD0D195C3D3C001A4485 /* WedViewController.h */ = {isa = PBXFileReference; fileEncoding = 4; lastKnownFileType = sourcecode.c.h; path = WedViewController.h; sourceTree = "<group>"; };
		9A6ACD0E195C3D3C001A4485 /* WedViewController.m */ = {isa = PBXFileReference; fileEncoding = 4; lastKnownFileType = sourcecode.c.objc; path = WedViewController.m; sourceTree = "<group>"; };
		9A6ACD10195C3D87001A4485 /* ThuViewController.h */ = {isa = PBXFileReference; fileEncoding = 4; lastKnownFileType = sourcecode.c.h; path = ThuViewController.h; sourceTree = "<group>"; };
		9A6ACD11195C3D87001A4485 /* ThuViewController.m */ = {isa = PBXFileReference; fileEncoding = 4; lastKnownFileType = sourcecode.c.objc; path = ThuViewController.m; sourceTree = "<group>"; };
		9A6ACD13195C3D94001A4485 /* FriViewController.h */ = {isa = PBXFileReference; fileEncoding = 4; lastKnownFileType = sourcecode.c.h; path = FriViewController.h; sourceTree = "<group>"; };
		9A6ACD14195C3D94001A4485 /* FriViewController.m */ = {isa = PBXFileReference; fileEncoding = 4; lastKnownFileType = sourcecode.c.objc; path = FriViewController.m; sourceTree = "<group>"; };
/* End PBXFileReference section */

/* Begin PBXFrameworksBuildPhase section */
		9A6ACCC9195C3BF2001A4485 /* Frameworks */ = {
			isa = PBXFrameworksBuildPhase;
			buildActionMask = 2147483647;
			files = (
				0D7F571E196B8D8C0094341B /* libsqlite3.0.dylib in Frameworks */,
				9A6ACCD2195C3BF2001A4485 /* CoreGraphics.framework in Frameworks */,
				9A6ACCD4195C3BF2001A4485 /* UIKit.framework in Frameworks */,
				9A6ACCD0195C3BF2001A4485 /* Foundation.framework in Frameworks */,
			);
			runOnlyForDeploymentPostprocessing = 0;
		};
		9A6ACCEA195C3BF3001A4485 /* Frameworks */ = {
			isa = PBXFrameworksBuildPhase;
			buildActionMask = 2147483647;
			files = (
				9A6ACCEF195C3BF3001A4485 /* XCTest.framework in Frameworks */,
				9A6ACCF1195C3BF3001A4485 /* UIKit.framework in Frameworks */,
				9A6ACCF0195C3BF3001A4485 /* Foundation.framework in Frameworks */,
			);
			runOnlyForDeploymentPostprocessing = 0;
		};
/* End PBXFrameworksBuildPhase section */

/* Begin PBXGroup section */
		9A6ACCC3195C3BF2001A4485 = {
			isa = PBXGroup;
			children = (
				9A6ACCD5195C3BF3001A4485 /* TimeTable */,
				9A6ACCF4195C3BF3001A4485 /* TimeTableTests */,
				9A6ACCCE195C3BF2001A4485 /* Frameworks */,
				9A6ACCCD195C3BF2001A4485 /* Products */,
			);
			sourceTree = "<group>";
		};
		9A6ACCCD195C3BF2001A4485 /* Products */ = {
			isa = PBXGroup;
			children = (
				9A6ACCCC195C3BF2001A4485 /* TimeTable.app */,
				9A6ACCED195C3BF3001A4485 /* TimeTableTests.xctest */,
			);
			name = Products;
			sourceTree = "<group>";
		};
		9A6ACCCE195C3BF2001A4485 /* Frameworks */ = {
			isa = PBXGroup;
			children = (
				0D7F571D196B8D8C0094341B /* libsqlite3.0.dylib */,
				9A6ACCCF195C3BF2001A4485 /* Foundation.framework */,
				9A6ACCD1195C3BF2001A4485 /* CoreGraphics.framework */,
				9A6ACCD3195C3BF2001A4485 /* UIKit.framework */,
				9A6ACCEE195C3BF3001A4485 /* XCTest.framework */,
			);
			name = Frameworks;
			sourceTree = "<group>";
		};
		9A6ACCD5195C3BF3001A4485 /* TimeTable */ = {
			isa = PBXGroup;
			children = (
				9A6ACCDE195C3BF3001A4485 /* iOSAppDelegate.h */,
				9A6ACCDF195C3BF3001A4485 /* iOSAppDelegate.m */,
				9A6ACCE1195C3BF3001A4485 /* Main.storyboard */,
				9A6ACD04195C3C4A001A4485 /* TimeViewController.h */,
				9A6ACD05195C3C4A001A4485 /* TimeViewController.m */,
				9A6ACD07195C3D06001A4485 /* MonViewController.h */,
				9A6ACD08195C3D06001A4485 /* MonViewController.m */,
				9A6ACD0A195C3D2D001A4485 /* TueViewController.h */,
				9A6ACD0B195C3D2D001A4485 /* TueViewController.m */,
				9A6ACD0D195C3D3C001A4485 /* WedViewController.h */,
				9A6ACD0E195C3D3C001A4485 /* WedViewController.m */,
				9A6ACD10195C3D87001A4485 /* ThuViewController.h */,
				9A6ACD11195C3D87001A4485 /* ThuViewController.m */,
				9A6ACD13195C3D94001A4485 /* FriViewController.h */,
				9A6ACD14195C3D94001A4485 /* FriViewController.m */,
				9A6ACCE7195C3BF3001A4485 /* Images.xcassets */,
				0D7F570E196B8BFA0094341B /* FMDatabase.h */,
				0D7F570F196B8BFA0094341B /* FMDatabase.m */,
				0D7F5710196B8BFA0094341B /* FMDatabaseAdditions.h */,
				0D7F5711196B8BFA0094341B /* FMDatabaseAdditions.m */,
				0D7F5712196B8BFA0094341B /* FMDatabasePool.h */,
				0D7F5713196B8BFA0094341B /* FMDatabasePool.m */,
				0D7F5714196B8BFA0094341B /* FMDatabaseQueue.h */,
				0D7F5715196B8BFA0094341B /* FMDatabaseQueue.m */,
				0D7F5716196B8BFA0094341B /* FMResultSet.h */,
				0D7F5717196B8BFA0094341B /* FMResultSet.m */,
				9A6ACCD6195C3BF3001A4485 /* Supporting Files */,
			);
			path = TimeTable;
			sourceTree = "<group>";
		};
		9A6ACCD6195C3BF3001A4485 /* Supporting Files */ = {
			isa = PBXGroup;
			children = (
				9A6ACCD7195C3BF3001A4485 /* TimeTable-Info.plist */,
				9A6ACCD8195C3BF3001A4485 /* InfoPlist.strings */,
				9A6ACCDB195C3BF3001A4485 /* main.m */,
				9A6ACCDD195C3BF3001A4485 /* TimeTable-Prefix.pch */,
			);
			name = "Supporting Files";
			sourceTree = "<group>";
		};
		9A6ACCF4195C3BF3001A4485 /* TimeTableTests */ = {
			isa = PBXGroup;
			children = (
				9A6ACCFA195C3BF3001A4485 /* TimeTableTests.m */,
				9A6ACCF5195C3BF3001A4485 /* Supporting Files */,
			);
			path = TimeTableTests;
			sourceTree = "<group>";
		};
		9A6ACCF5195C3BF3001A4485 /* Supporting Files */ = {
			isa = PBXGroup;
			children = (
				9A6ACCF6195C3BF3001A4485 /* TimeTableTests-Info.plist */,
				9A6ACCF7195C3BF3001A4485 /* InfoPlist.strings */,
			);
			name = "Supporting Files";
			sourceTree = "<group>";
		};
/* End PBXGroup section */

/* Begin PBXNativeTarget section */
		9A6ACCCB195C3BF2001A4485 /* TimeTable */ = {
			isa = PBXNativeTarget;
			buildConfigurationList = 9A6ACCFE195C3BF3001A4485 /* Build configuration list for PBXNativeTarget "TimeTable" */;
			buildPhases = (
				9A6ACCC8195C3BF2001A4485 /* Sources */,
				9A6ACCC9195C3BF2001A4485 /* Frameworks */,
				9A6ACCCA195C3BF2001A4485 /* Resources */,
			);
			buildRules = (
			);
			dependencies = (
			);
			name = TimeTable;
			productName = TimeTable;
			productReference = 9A6ACCCC195C3BF2001A4485 /* TimeTable.app */;
			productType = "com.apple.product-type.application";
		};
		9A6ACCEC195C3BF3001A4485 /* TimeTableTests */ = {
			isa = PBXNativeTarget;
			buildConfigurationList = 9A6ACD01195C3BF3001A4485 /* Build configuration list for PBXNativeTarget "TimeTableTests" */;
			buildPhases = (
				9A6ACCE9195C3BF3001A4485 /* Sources */,
				9A6ACCEA195C3BF3001A4485 /* Frameworks */,
				9A6ACCEB195C3BF3001A4485 /* Resources */,
			);
			buildRules = (
			);
			dependencies = (
				9A6ACCF3195C3BF3001A4485 /* PBXTargetDependency */,
			);
			name = TimeTableTests;
			productName = TimeTableTests;
			productReference = 9A6ACCED195C3BF3001A4485 /* TimeTableTests.xctest */;
			productType = "com.apple.product-type.bundle.unit-test";
		};
/* End PBXNativeTarget section */

/* Begin PBXProject section */
		9A6ACCC4195C3BF2001A4485 /* Project object */ = {
			isa = PBXProject;
			attributes = {
				CLASSPREFIX = iOS;
				LastUpgradeCheck = 0510;
				ORGANIZATIONNAME = "是常 雄大";
				TargetAttributes = {
					9A6ACCEC195C3BF3001A4485 = {
						TestTargetID = 9A6ACCCB195C3BF2001A4485;
					};
				};
			};
			buildConfigurationList = 9A6ACCC7195C3BF2001A4485 /* Build configuration list for PBXProject "TimeTable" */;
			compatibilityVersion = "Xcode 3.2";
			developmentRegion = English;
			hasScannedForEncodings = 0;
			knownRegions = (
				en,
				Base,
			);
			mainGroup = 9A6ACCC3195C3BF2001A4485;
			productRefGroup = 9A6ACCCD195C3BF2001A4485 /* Products */;
			projectDirPath = "";
			projectRoot = "";
			targets = (
				9A6ACCCB195C3BF2001A4485 /* TimeTable */,
				9A6ACCEC195C3BF3001A4485 /* TimeTableTests */,
			);
		};
/* End PBXProject section */

/* Begin PBXResourcesBuildPhase section */
		9A6ACCCA195C3BF2001A4485 /* Resources */ = {
			isa = PBXResourcesBuildPhase;
			buildActionMask = 2147483647;
			files = (
				9A6ACCE8195C3BF3001A4485 /* Images.xcassets in Resources */,
				9A6ACCDA195C3BF3001A4485 /* InfoPlist.strings in Resources */,
				9A6ACCE3195C3BF3001A4485 /* Main.storyboard in Resources */,
			);
			runOnlyForDeploymentPostprocessing = 0;
		};
		9A6ACCEB195C3BF3001A4485 /* Resources */ = {
			isa = PBXResourcesBuildPhase;
			buildActionMask = 2147483647;
			files = (
				9A6ACCF9195C3BF3001A4485 /* InfoPlist.strings in Resources */,
			);
			runOnlyForDeploymentPostprocessing = 0;
		};
/* End PBXResourcesBuildPhase section */

/* Begin PBXSourcesBuildPhase section */
		9A6ACCC8195C3BF2001A4485 /* Sources */ = {
			isa = PBXSourcesBuildPhase;
			buildActionMask = 2147483647;
			files = (
				9A6ACCE0195C3BF3001A4485 /* iOSAppDelegate.m in Sources */,
				9A6ACD12195C3D87001A4485 /* ThuViewController.m in Sources */,
				9A6ACCDC195C3BF3001A4485 /* main.m in Sources */,
				0D7F5718196B8BFA0094341B /* FMDatabase.m in Sources */,
				9A6ACD06195C3C4A001A4485 /* TimeViewController.m in Sources */,
				0D7F571B196B8BFA0094341B /* FMDatabaseQueue.m in Sources */,
				0D7F571C196B8BFA0094341B /* FMResultSet.m in Sources */,
				0D7F571A196B8BFA0094341B /* FMDatabasePool.m in Sources */,
				9A6ACD0F195C3D3C001A4485 /* WedViewController.m in Sources */,
				9A6ACD0C195C3D2D001A4485 /* TueViewController.m in Sources */,
				9A6ACD15195C3D94001A4485 /* FriViewController.m in Sources */,
				9A6ACD09195C3D06001A4485 /* MonViewController.m in Sources */,
				0D7F5719196B8BFA0094341B /* FMDatabaseAdditions.m in Sources */,
			);
			runOnlyForDeploymentPostprocessing = 0;
		};
		9A6ACCE9195C3BF3001A4485 /* Sources */ = {
			isa = PBXSourcesBuildPhase;
			buildActionMask = 2147483647;
			files = (
				9A6ACCFB195C3BF3001A4485 /* TimeTableTests.m in Sources */,
			);
			runOnlyForDeploymentPostprocessing = 0;
		};
/* End PBXSourcesBuildPhase section */

/* Begin PBXTargetDependency section */
		9A6ACCF3195C3BF3001A4485 /* PBXTargetDependency */ = {
			isa = PBXTargetDependency;
			target = 9A6ACCCB195C3BF2001A4485 /* TimeTable */;
			targetProxy = 9A6ACCF2195C3BF3001A4485 /* PBXContainerItemProxy */;
		};
/* End PBXTargetDependency section */

/* Begin PBXVariantGroup section */
		9A6ACCD8195C3BF3001A4485 /* InfoPlist.strings */ = {
			isa = PBXVariantGroup;
			children = (
				9A6ACCD9195C3BF3001A4485 /* en */,
			);
			name = InfoPlist.strings;
			sourceTree = "<group>";
		};
		9A6ACCE1195C3BF3001A4485 /* Main.storyboard */ = {
			isa = PBXVariantGroup;
			children = (
				9A6ACCE2195C3BF3001A4485 /* Base */,
			);
			name = Main.storyboard;
			sourceTree = "<group>";
		};
		9A6ACCF7195C3BF3001A4485 /* InfoPlist.strings */ = {
			isa = PBXVariantGroup;
			children = (
				9A6ACCF8195C3BF3001A4485 /* en */,
			);
			name = InfoPlist.strings;
			sourceTree = "<group>";
		};
/* End PBXVariantGroup section */

/* Begin XCBuildConfiguration section */
		9A6ACCFC195C3BF3001A4485 /* Debug */ = {
			isa = XCBuildConfiguration;
			buildSettings = {
				ALWAYS_SEARCH_USER_PATHS = NO;
				CLANG_CXX_LANGUAGE_STANDARD = "gnu++0x";
				CLANG_CXX_LIBRARY = "libc++";
				CLANG_ENABLE_MODULES = YES;
				CLANG_ENABLE_OBJC_ARC = YES;
				CLANG_WARN_BOOL_CONVERSION = YES;
				CLANG_WARN_CONSTANT_CONVERSION = YES;
				CLANG_WARN_DIRECT_OBJC_ISA_USAGE = YES_ERROR;
				CLANG_WARN_EMPTY_BODY = YES;
				CLANG_WARN_ENUM_CONVERSION = YES;
				CLANG_WARN_INT_CONVERSION = YES;
				CLANG_WARN_OBJC_ROOT_CLASS = YES_ERROR;
				CLANG_WARN__DUPLICATE_METHOD_MATCH = YES;
				"CODE_SIGN_IDENTITY[sdk=iphoneos*]" = "iPhone Developer";
				COPY_PHASE_STRIP = NO;
				GCC_C_LANGUAGE_STANDARD = gnu99;
				GCC_DYNAMIC_NO_PIC = NO;
				GCC_OPTIMIZATION_LEVEL = 0;
				GCC_PREPROCESSOR_DEFINITIONS = (
					"DEBUG=1",
					"$(inherited)",
				);
				GCC_SYMBOLS_PRIVATE_EXTERN = NO;
				GCC_WARN_64_TO_32_BIT_CONVERSION = YES;
				GCC_WARN_ABOUT_RETURN_TYPE = YES_ERROR;
				GCC_WARN_UNDECLARED_SELECTOR = YES;
				GCC_WARN_UNINITIALIZED_AUTOS = YES_AGGRESSIVE;
				GCC_WARN_UNUSED_FUNCTION = YES;
				GCC_WARN_UNUSED_VARIABLE = YES;
				IPHONEOS_DEPLOYMENT_TARGET = 7.1;
				ONLY_ACTIVE_ARCH = YES;
				SDKROOT = iphoneos;
			};
			name = Debug;
		};
		9A6ACCFD195C3BF3001A4485 /* Release */ = {
			isa = XCBuildConfiguration;
			buildSettings = {
				ALWAYS_SEARCH_USER_PATHS = NO;
				CLANG_CXX_LANGUAGE_STANDARD = "gnu++0x";
				CLANG_CXX_LIBRARY = "libc++";
				CLANG_ENABLE_MODULES = YES;
				CLANG_ENABLE_OBJC_ARC = YES;
				CLANG_WARN_BOOL_CONVERSION = YES;
				CLANG_WARN_CONSTANT_CONVERSION = YES;
				CLANG_WARN_DIRECT_OBJC_ISA_USAGE = YES_ERROR;
				CLANG_WARN_EMPTY_BODY = YES;
				CLANG_WARN_ENUM_CONVERSION = YES;
				CLANG_WARN_INT_CONVERSION = YES;
				CLANG_WARN_OBJC_ROOT_CLASS = YES_ERROR;
				CLANG_WARN__DUPLICATE_METHOD_MATCH = YES;
				"CODE_SIGN_IDENTITY[sdk=iphoneos*]" = "iPhone Developer";
				COPY_PHASE_STRIP = YES;
				ENABLE_NS_ASSERTIONS = NO;
				GCC_C_LANGUAGE_STANDARD = gnu99;
				GCC_WARN_64_TO_32_BIT_CONVERSION = YES;
				GCC_WARN_ABOUT_RETURN_TYPE = YES_ERROR;
				GCC_WARN_UNDECLARED_SELECTOR = YES;
				GCC_WARN_UNINITIALIZED_AUTOS = YES_AGGRESSIVE;
				GCC_WARN_UNUSED_FUNCTION = YES;
				GCC_WARN_UNUSED_VARIABLE = YES;
				IPHONEOS_DEPLOYMENT_TARGET = 7.1;
				SDKROOT = iphoneos;
				VALIDATE_PRODUCT = YES;
			};
			name = Release;
		};
		9A6ACCFF195C3BF3001A4485 /* Debug */ = {
			isa = XCBuildConfiguration;
			buildSettings = {
				ASSETCATALOG_COMPILER_APPICON_NAME = AppIcon;
				ASSETCATALOG_COMPILER_LAUNCHIMAGE_NAME = LaunchImage;
				GCC_PRECOMPILE_PREFIX_HEADER = YES;
				GCC_PREFIX_HEADER = "TimeTable/TimeTable-Prefix.pch";
				INFOPLIST_FILE = "TimeTable/TimeTable-Info.plist";
				PRODUCT_NAME = "$(TARGET_NAME)";
				WRAPPER_EXTENSION = app;
			};
			name = Debug;
		};
		9A6ACD00195C3BF3001A4485 /* Release */ = {
			isa = XCBuildConfiguration;
			buildSettings = {
				ASSETCATALOG_COMPILER_APPICON_NAME = AppIcon;
				ASSETCATALOG_COMPILER_LAUNCHIMAGE_NAME = LaunchImage;
				GCC_PRECOMPILE_PREFIX_HEADER = YES;
				GCC_PREFIX_HEADER = "TimeTable/TimeTable-Prefix.pch";
				INFOPLIST_FILE = "TimeTable/TimeTable-Info.plist";
				PRODUCT_NAME = "$(TARGET_NAME)";
				WRAPPER_EXTENSION = app;
			};
			name = Release;
		};
		9A6ACD02195C3BF3001A4485 /* Debug */ = {
			isa = XCBuildConfiguration;
			buildSettings = {
				BUNDLE_LOADER = "$(BUILT_PRODUCTS_DIR)/TimeTable.app/TimeTable";
				FRAMEWORK_SEARCH_PATHS = (
					"$(SDKROOT)/Developer/Library/Frameworks",
					"$(inherited)",
					"$(DEVELOPER_FRAMEWORKS_DIR)",
				);
				GCC_PRECOMPILE_PREFIX_HEADER = YES;
				GCC_PREFIX_HEADER = "TimeTable/TimeTable-Prefix.pch";
				GCC_PREPROCESSOR_DEFINITIONS = (
					"DEBUG=1",
					"$(inherited)",
				);
				INFOPLIST_FILE = "TimeTableTests/TimeTableTests-Info.plist";
				PRODUCT_NAME = "$(TARGET_NAME)";
				TEST_HOST = "$(BUNDLE_LOADER)";
				WRAPPER_EXTENSION = xctest;
			};
			name = Debug;
		};
		9A6ACD03195C3BF3001A4485 /* Release */ = {
			isa = XCBuildConfiguration;
			buildSettings = {
				BUNDLE_LOADER = "$(BUILT_PRODUCTS_DIR)/TimeTable.app/TimeTable";
				FRAMEWORK_SEARCH_PATHS = (
					"$(SDKROOT)/Developer/Library/Frameworks",
					"$(inherited)",
					"$(DEVELOPER_FRAMEWORKS_DIR)",
				);
				GCC_PRECOMPILE_PREFIX_HEADER = YES;
				GCC_PREFIX_HEADER = "TimeTable/TimeTable-Prefix.pch";
				INFOPLIST_FILE = "TimeTableTests/TimeTableTests-Info.plist";
				PRODUCT_NAME = "$(TARGET_NAME)";
				TEST_HOST = "$(BUNDLE_LOADER)";
				WRAPPER_EXTENSION = xctest;
			};
			name = Release;
		};
/* End XCBuildConfiguration section */

/* Begin XCConfigurationList section */
		9A6ACCC7195C3BF2001A4485 /* Build configuration list for PBXProject "TimeTable" */ = {
			isa = XCConfigurationList;
			buildConfigurations = (
				9A6ACCFC195C3BF3001A4485 /* Debug */,
				9A6ACCFD195C3BF3001A4485 /* Release */,
			);
			defaultConfigurationIsVisible = 0;
			defaultConfigurationName = Release;
		};
		9A6ACCFE195C3BF3001A4485 /* Build configuration list for PBXNativeTarget "TimeTable" */ = {
			isa = XCConfigurationList;
			buildConfigurations = (
				9A6ACCFF195C3BF3001A4485 /* Debug */,
				9A6ACD00195C3BF3001A4485 /* Release */,
			);
			defaultConfigurationIsVisible = 0;
			defaultConfigurationName = Release;
		};
		9A6ACD01195C3BF3001A4485 /* Build configuration list for PBXNativeTarget "TimeTableTests" */ = {
			isa = XCConfigurationList;
			buildConfigurations = (
				9A6ACD02195C3BF3001A4485 /* Debug */,
				9A6ACD03195C3BF3001A4485 /* Release */,
			);
			defaultConfigurationIsVisible = 0;
			defaultConfigurationName = Release;
		};
/* End XCConfigurationList section */
	};
	rootObject = 9A6ACCC4195C3BF2001A4485 /* Project object */;
}
